
Microsoft Visual Studio Solution File, Format Version 12.00
# Visual Studio 15
VisualStudioVersion = 15.0.27004.2005
MinimumVisualStudioVersion = 10.0.40219.1
Project("{9A19103F-16F7-4668-BE54-9A1E7A4F7556}") = "XUnitTests", "XUnitTests\XUnitTests.csproj", "{3BF1EE2D-E011-4208-881F-020E8DB0D09E}"
EndProject
Global
	GlobalSection(SolutionConfigurationPlatforms) = preSolution
		Debug|Any CPU = Debug|Any CPU
		Release|Any CPU = Release|Any CPU
	EndGlobalSection
	GlobalSection(ProjectConfigurationPlatforms) = postSolution
		{3BF1EE2D-E011-4208-881F-020E8DB0D09E}.Debug|Any CPU.ActiveCfg = Debug|Any CPU
		{3BF1EE2D-E011-4208-881F-020E8DB0D09E}.Debug|Any CPU.Build.0 = Debug|Any CPU
		{3BF1EE2D-E011-4208-881F-020E8DB0D09E}.Release|Any CPU.ActiveCfg = Release|Any CPU
		{3BF1EE2D-E011-4208-881F-020E8DB0D09E}.Release|Any CPU.Build.0 = Release|Any CPU
	EndGlobalSection
	GlobalSection(SolutionProperties) = preSolution
		HideSolutionNode = FALSE
	EndGlobalSection
	GlobalSection(ExtensibilityGlobals) = postSolution
		SolutionGuid = {A47EE0D1-74C4-435F-A5EB-AFDA2871A1A8}
	EndGlobalSection
EndGlobal
